// !$*UTF8*$!
{
	archiveVersion = 1;
	classes = {
	};
	objectVersion = 50;
	objects = {

/* Begin PBXBuildFile section */
		AB9800472478BC9D009EDB3D /* AppDelegate.swift in Sources */ = {isa = PBXBuildFile; fileRef = AB9800462478BC9D009EDB3D /* AppDelegate.swift */; };
		AB9800492478BC9D009EDB3D /* SceneDelegate.swift in Sources */ = {isa = PBXBuildFile; fileRef = AB9800482478BC9D009EDB3D /* SceneDelegate.swift */; };
		AB98004B2478BC9D009EDB3D /* ViewController.swift in Sources */ = {isa = PBXBuildFile; fileRef = AB98004A2478BC9D009EDB3D /* ViewController.swift */; };
		AB98004E2478BC9D009EDB3D /* Main.storyboard in Resources */ = {isa = PBXBuildFile; fileRef = AB98004C2478BC9D009EDB3D /* Main.storyboard */; };
		AB9800502478BC9F009EDB3D /* Assets.xcassets in Resources */ = {isa = PBXBuildFile; fileRef = AB98004F2478BC9F009EDB3D /* Assets.xcassets */; };
		AB9800532478BC9F009EDB3D /* LaunchScreen.storyboard in Resources */ = {isa = PBXBuildFile; fileRef = AB9800512478BC9F009EDB3D /* LaunchScreen.storyboard */; };
/* End PBXBuildFile section */

/* Begin PBXFileReference section */
		AB9800432478BC9D009EDB3D /* SideScrollProject.app */ = {isa = PBXFileReference; explicitFileType = wrapper.application; includeInIndex = 0; path = SideScrollProject.app; sourceTree = BUILT_PRODUCTS_DIR; };
		AB9800462478BC9D009EDB3D /* AppDelegate.swift */ = {isa = PBXFileReference; lastKnownFileType = sourcecode.swift; path = AppDelegate.swift; sourceTree = "<group>"; };
		AB9800482478BC9D009EDB3D /* SceneDelegate.swift */ = {isa = PBXFileReference; lastKnownFileType = sourcecode.swift; path = SceneDelegate.swift; sourceTree = "<group>"; };
		AB98004A2478BC9D009EDB3D /* ViewController.swift */ = {isa = PBXFileReference; lastKnownFileType = sourcecode.swift; path = ViewController.swift; sourceTree = "<group>"; };
		AB98004D2478BC9D009EDB3D /* Base */ = {isa = PBXFileReference; lastKnownFileType = file.storyboard; name = Base; path = Base.lproj/Main.storyboard; sourceTree = "<group>"; };
		AB98004F2478BC9F009EDB3D /* Assets.xcassets */ = {isa = PBXFileReference; lastKnownFileType = folder.assetcatalog; path = Assets.xcassets; sourceTree = "<group>"; };
		AB9800522478BC9F009EDB3D /* Base */ = {isa = PBXFileReference; lastKnownFileType = file.storyboard; name = Base; path = Base.lproj/LaunchScreen.storyboard; sourceTree = "<group>"; };
		AB9800542478BC9F009EDB3D /* Info.plist */ = {isa = PBXFileReference; lastKnownFileType = text.plist.xml; path = Info.plist; sourceTree = "<group>"; };
/* End PBXFileReference section */

/* Begin PBXFrameworksBuildPhase section */
		AB9800402478BC9D009EDB3D /* Frameworks */ = {
			isa = PBXFrameworksBuildPhase;
			buildActionMask = 2147483647;
			files = (
			);
			runOnlyForDeploymentPostprocessing = 0;
		};
/* End PBXFrameworksBuildPhase section */

/* Begin PBXGroup section */
		AB98003A2478BC9D009EDB3D = {
			isa = PBXGroup;
			children = (
				AB9800452478BC9D009EDB3D /* SideScrollProject */,
				AB9800442478BC9D009EDB3D /* Products */,
			);
			sourceTree = "<group>";
		};
		AB9800442478BC9D009EDB3D /* Products */ = {
			isa = PBXGroup;
			children = (
				AB9800432478BC9D009EDB3D /* SideScrollProject.app */,
			);
			name = Products;
			sourceTree = "<group>";
		};
		AB9800452478BC9D009EDB3D /* SideScrollProject */ = {
			isa = PBXGroup;
			children = (
				AB9800462478BC9D009EDB3D /* AppDelegate.swift */,
				AB9800482478BC9D009EDB3D /* SceneDelegate.swift */,
				AB98004A2478BC9D009EDB3D /* ViewController.swift */,
				AB98004C2478BC9D009EDB3D /* Main.storyboard */,
				AB98004F2478BC9F009EDB3D /* Assets.xcassets */,
				AB9800512478BC9F009EDB3D /* LaunchScreen.storyboard */,
				AB9800542478BC9F009EDB3D /* Info.plist */,
			);
			path = SideScrollProject;
			sourceTree = "<group>";
		};
/* End PBXGroup section */

/* Begin PBXNativeTarget section */
		AB9800422478BC9D009EDB3D /* SideScrollProject */ = {
			isa = PBXNativeTarget;
			buildConfigurationList = AB9800572478BC9F009EDB3D /* Build configuration list for PBXNativeTarget "SideScrollProject" */;
			buildPhases = (
				AB98003F2478BC9D009EDB3D /* Sources */,
				AB9800402478BC9D009EDB3D /* Frameworks */,
				AB9800412478BC9D009EDB3D /* Resources */,
			);
			buildRules = (
			);
			dependencies = (
			);
			name = SideScrollProject;
			productName = SideScrollProject;
			productReference = AB9800432478BC9D009EDB3D /* SideScrollProject.app */;
			productType = "com.apple.product-type.application";
		};
/* End PBXNativeTarget section */

/* Begin PBXProject section */
		AB98003B2478BC9D009EDB3D /* Project object */ = {
			isa = PBXProject;
			attributes = {
				LastSwiftUpdateCheck = 1150;
				LastUpgradeCheck = 1150;
				ORGANIZATIONNAME = "Tayler Moosa";
				TargetAttributes = {
					AB9800422478BC9D009EDB3D = {
						CreatedOnToolsVersion = 11.5;
					};
				};
			};
			buildConfigurationList = AB98003E2478BC9D009EDB3D /* Build configuration list for PBXProject "SideScrollProject" */;
			compatibilityVersion = "Xcode 9.3";
			developmentRegion = en;
			hasScannedForEncodings = 0;
			knownRegions = (
				en,
				Base,
			);
			mainGroup = AB98003A2478BC9D009EDB3D;
			productRefGroup = AB9800442478BC9D009EDB3D /* Products */;
			projectDirPath = "";
			projectRoot = "";
			targets = (
				AB9800422478BC9D009EDB3D /* SideScrollProject */,
			);
		};
/* End PBXProject section */

/* Begin PBXResourcesBuildPhase section */
		AB9800412478BC9D009EDB3D /* Resources */ = {
			isa = PBXResourcesBuildPhase;
			buildActionMask = 2147483647;
			files = (
				AB9800532478BC9F009EDB3D /* LaunchScreen.storyboard in Resources */,
				AB9800502478BC9F009EDB3D /* Assets.xcassets in Resources */,
				AB98004E2478BC9D009EDB3D /* Main.storyboard in Resources */,
			);
			runOnlyForDeploymentPostprocessing = 0;
		};
/* End PBXResourcesBuildPhase section */

/* Begin PBXSourcesBuildPhase section */
		AB98003F2478BC9D009EDB3D /* Sources */ = {
			isa = PBXSourcesBuildPhase;
			buildActionMask = 2147483647;
			files = (
				AB98004B2478BC9D009EDB3D /* ViewController.swift in Sources */,
				AB9800472478BC9D009EDB3D /* AppDelegate.swift in Sources */,
				AB9800492478BC9D009EDB3D /* SceneDelegate.swift in Sources */,
			);
			runOnlyForDeploymentPostprocessing = 0;
		};
/* End PBXSourcesBuildPhase section */

/* Begin PBXVariantGroup section */
		AB98004C2478BC9D009EDB3D /* Main.storyboard */ = {
			isa = PBXVariantGroup;
			children = (
				AB98004D2478BC9D009EDB3D /* Base */,
			);
			name = Main.storyboard;
			sourceTree = "<group>";
		};
		AB9800512478BC9F009EDB3D /* LaunchScreen.storyboard */ = {
			isa = PBXVariantGroup;
			children = (
				AB9800522478BC9F009EDB3D /* Base */,
			);
			name = LaunchScreen.storyboard;
			sourceTree = "<group>";
		};
/* End PBXVariantGroup section */

/* Begin XCBuildConfiguration section */
		AB9800552478BC9F009EDB3D /* Debug */ = {
			isa = XCBuildConfiguration;
			buildSettings = {
				ALWAYS_SEARCH_USER_PATHS = NO;
				CLANG_ANALYZER_NONNULL = YES;
				CLANG_ANALYZER_NUMBER_OBJECT_CONVERSION = YES_AGGRESSIVE;
				CLANG_CXX_LANGUAGE_STANDARD = "gnu++14";
				CLANG_CXX_LIBRARY = "libc++";
				CLANG_ENABLE_MODULES = YES;
				CLANG_ENABLE_OBJC_ARC = YES;
				CLANG_ENABLE_OBJC_WEAK = YES;
				CLANG_WARN_BLOCK_CAPTURE_AUTORELEASING = YES;
				CLANG_WARN_BOOL_CONVERSION = YES;
				CLANG_WARN_COMMA = YES;
				CLANG_WARN_CONSTANT_CONVERSION = YES;
				CLANG_WARN_DEPRECATED_OBJC_IMPLEMENTATIONS = YES;
				CLANG_WARN_DIRECT_OBJC_ISA_USAGE = YES_ERROR;
				CLANG_WARN_DOCUMENTATION_COMMENTS = YES;
				CLANG_WARN_EMPTY_BODY = YES;
				CLANG_WARN_ENUM_CONVERSION = YES;
				CLANG_WARN_INFINITE_RECURSION = YES;
				CLANG_WARN_INT_CONVERSION = YES;
				CLANG_WARN_NON_LITERAL_NULL_CONVERSION = YES;
				CLANG_WARN_OBJC_IMPLICIT_RETAIN_SELF = YES;
				CLANG_WARN_OBJC_LITERAL_CONVERSION = YES;
				CLANG_WARN_OBJC_ROOT_CLASS = YES_ERROR;
				CLANG_WARN_RANGE_LOOP_ANALYSIS = YES;
				CLANG_WARN_STRICT_PROTOTYPES = YES;
				CLANG_WARN_SUSPICIOUS_MOVE = YES;
				CLANG_WARN_UNGUARDED_AVAILABILITY = YES_AGGRESSIVE;
				CLANG_WARN_UNREACHABLE_CODE = YES;
				CLANG_WARN__DUPLICATE_METHOD_MATCH = YES;
				COPY_PHASE_STRIP = NO;
				DEBUG_INFORMATION_FORMAT = dwarf;
				ENABLE_STRICT_OBJC_MSGSEND = YES;
				ENABLE_TESTABILITY = YES;
				GCC_C_LANGUAGE_STANDARD = gnu11;
				GCC_DYNAMIC_NO_PIC = NO;
				GCC_NO_COMMON_BLOCKS = YES;
				GCC_OPTIMIZATION_LEVEL = 0;
				GCC_PREPROCESSOR_DEFINITIONS = (
					"DEBUG=1",
					"$(inherited)",
				);
				GCC_WARN_64_TO_32_BIT_CONVERSION = YES;
				GCC_WARN_ABOUT_RETURN_TYPE = YES_ERROR;
				GCC_WARN_UNDECLARED_SELECTOR = YES;
				GCC_WARN_UNINITIALIZED_AUTOS = YES_AGGRESSIVE;
				GCC_WARN_UNUSED_FUNCTION = YES;
				GCC_WARN_UNUSED_VARIABLE = YES;
				IPHONEOS_DEPLOYMENT_TARGET = 13.5;
				MTL_ENABLE_DEBUG_INFO = INCLUDE_SOURCE;
				MTL_FAST_MATH = YES;
				ONLY_ACTIVE_ARCH = YES;
				SDKROOT = iphoneos;
				SWIFT_ACTIVE_COMPILATION_CONDITIONS = DEBUG;
				SWIFT_OPTIMIZATION_LEVEL = "-Onone";
			};
			name = Debug;
		};
		AB9800562478BC9F009EDB3D /* Release */ = {
			isa = XCBuildConfiguration;
			buildSettings = {
				ALWAYS_SEARCH_USER_PATHS = NO;
				CLANG_ANALYZER_NONNULL = YES;
				CLANG_ANALYZER_NUMBER_OBJECT_CONVERSION = YES_AGGRESSIVE;
				CLANG_CXX_LANGUAGE_STANDARD = "gnu++14";
				CLANG_CXX_LIBRARY = "libc++";
				CLANG_ENABLE_MODULES = YES;
				CLANG_ENABLE_OBJC_ARC = YES;
				CLANG_ENABLE_OBJC_WEAK = YES;
				CLANG_WARN_BLOCK_CAPTURE_AUTORELEASING = YES;
				CLANG_WARN_BOOL_CONVERSION = YES;
				CLANG_WARN_COMMA = YES;
				CLANG_WARN_CONSTANT_CONVERSION = YES;
				CLANG_WARN_DEPRECATED_OBJC_IMPLEMENTATIONS = YES;
				CLANG_WARN_DIRECT_OBJC_ISA_USAGE = YES_ERROR;
				CLANG_WARN_DOCUMENTATION_COMMENTS = YES;
				CLANG_WARN_EMPTY_BODY = YES;
				CLANG_WARN_ENUM_CONVERSION = YES;
				CLANG_WARN_INFINITE_RECURSION = YES;
				CLANG_WARN_INT_CONVERSION = YES;
				CLANG_WARN_NON_LITERAL_NULL_CONVERSION = YES;
				CLANG_WARN_OBJC_IMPLICIT_RETAIN_SELF = YES;
				CLANG_WARN_OBJC_LITERAL_CONVERSION = YES;
				CLANG_WARN_OBJC_ROOT_CLASS = YES_ERROR;
				CLANG_WARN_RANGE_LOOP_ANALYSIS = YES;
				CLANG_WARN_STRICT_PROTOTYPES = YES;
				CLANG_WARN_SUSPICIOUS_MOVE = YES;
				CLANG_WARN_UNGUARDED_AVAILABILITY = YES_AGGRESSIVE;
				CLANG_WARN_UNREACHABLE_CODE = YES;
				CLANG_WARN__DUPLICATE_METHOD_MATCH = YES;
				COPY_PHASE_STRIP = NO;
				DEBUG_INFORMATION_FORMAT = "dwarf-with-dsym";
				ENABLE_NS_ASSERTIONS = NO;
				ENABLE_STRICT_OBJC_MSGSEND = YES;
				GCC_C_LANGUAGE_STANDARD = gnu11;
				GCC_NO_COMMON_BLOCKS = YES;
				GCC_WARN_64_TO_32_BIT_CONVERSION = YES;
				GCC_WARN_ABOUT_RETURN_TYPE = YES_ERROR;
				GCC_WARN_UNDECLARED_SELECTOR = YES;
				GCC_WARN_UNINITIALIZED_AUTOS = YES_AGGRESSIVE;
				GCC_WARN_UNUSED_FUNCTION = YES;
				GCC_WARN_UNUSED_VARIABLE = YES;
				IPHONEOS_DEPLOYMENT_TARGET = 13.5;
				MTL_ENABLE_DEBUG_INFO = NO;
				MTL_FAST_MATH = YES;
				SDKROOT = iphoneos;
				SWIFT_COMPILATION_MODE = wholemodule;
				SWIFT_OPTIMIZATION_LEVEL = "-O";
				VALIDATE_PRODUCT = YES;
			};
			name = Release;
		};
		AB9800582478BC9F009EDB3D /* Debug */ = {
			isa = XCBuildConfiguration;
			buildSettings = {
				ASSETCATALOG_COMPILER_APPICON_NAME = AppIcon;
				CODE_SIGN_STYLE = Automatic;
				DEVELOPMENT_TEAM = BY6XXMF6G6;
				INFOPLIST_FILE = SideScrollProject/Info.plist;
				LD_RUNPATH_SEARCH_PATHS = (
					"$(inherited)",
					"@executable_path/Frameworks",
				);
				PRODUCT_BUNDLE_IDENTIFIER = com.taylermoosa.SideScrollProject;
				PRODUCT_NAME = "$(TARGET_NAME)";
				SWIFT_VERSION = 5.0;
				TARGETED_DEVICE_FAMILY = "1,2";
			};
			name = Debug;
		};
		AB9800592478BC9F009EDB3D /* Release */ = {
			isa = XCBuildConfiguration;
			buildSettings = {
				ASSETCATALOG_COMPILER_APPICON_NAME = AppIcon;
				CODE_SIGN_STYLE = Automatic;
				DEVELOPMENT_TEAM = BY6XXMF6G6;
				INFOPLIST_FILE = SideScrollProject/Info.plist;
				LD_RUNPATH_SEARCH_PATHS = (
					"$(inherited)",
					"@executable_path/Frameworks",
				);
				PRODUCT_BUNDLE_IDENTIFIER = com.taylermoosa.SideScrollProject;
				PRODUCT_NAME = "$(TARGET_NAME)";
				SWIFT_VERSION = 5.0;
				TARGETED_DEVICE_FAMILY = "1,2";
			};
			name = Release;
		};
/* End XCBuildConfiguration section */

/* Begin XCConfigurationList section */
		AB98003E2478BC9D009EDB3D /* Build configuration list for PBXProject "SideScrollProject" */ = {
			isa = XCConfigurationList;
			buildConfigurations = (
				AB9800552478BC9F009EDB3D /* Debug */,
				AB9800562478BC9F009EDB3D /* Release */,
			);
			defaultConfigurationIsVisible = 0;
			defaultConfigurationName = Release;
		};
		AB9800572478BC9F009EDB3D /* Build configuration list for PBXNativeTarget "SideScrollProject" */ = {
			isa = XCConfigurationList;
			buildConfigurations = (
				AB9800582478BC9F009EDB3D /* Debug */,
				AB9800592478BC9F009EDB3D /* Release */,
			);
			defaultConfigurationIsVisible = 0;
			defaultConfigurationName = Release;
		};
/* End XCConfigurationList section */
	};
	rootObject = AB98003B2478BC9D009EDB3D /* Project object */;
}
